
Microsoft Visual Studio Solution File, Format Version 12.00
# Visual Studio Version 16
VisualStudioVersion = 16.0.31624.102
MinimumVisualStudioVersion = 10.0.40219.1
Project("{9A19103F-16F7-4668-BE54-9A1E7A4F7556}") = "titanfall2-rp", "titanfall2-rp\titanfall2-rp.csproj", "{29F3749C-51FA-4F31-BBB7-085C84DD9598}"
EndProject
Project("{FAE04EC0-301F-11D3-BF4B-00C04F79EFBC}") = "UpdaterWin", "UpdaterWin\UpdaterWin.csproj", "{63EBE1C9-1625-4ECE-A042-929A19EB1626}"
EndProject
Project("{FAE04EC0-301F-11D3-BF4B-00C04F79EFBC}") = "UpdaterLin", "UpdaterLin\UpdaterLin.csproj", "{179EA941-4B01-4BA2-8BCB-3DBA7520EA7C}"
EndProject
Global
	GlobalSection(SolutionConfigurationPlatforms) = preSolution
		Debug|Any CPU = Debug|Any CPU
		Release|Any CPU = Release|Any CPU
	EndGlobalSection
	GlobalSection(ProjectConfigurationPlatforms) = postSolution
		{29F3749C-51FA-4F31-BBB7-085C84DD9598}.Debug|Any CPU.ActiveCfg = Debug|Any CPU
		{29F3749C-51FA-4F31-BBB7-085C84DD9598}.Debug|Any CPU.Build.0 = Debug|Any CPU
		{29F3749C-51FA-4F31-BBB7-085C84DD9598}.Release|Any CPU.ActiveCfg = Release|Any CPU
		{29F3749C-51FA-4F31-BBB7-085C84DD9598}.Release|Any CPU.Build.0 = Release|Any CPU
		{63EBE1C9-1625-4ECE-A042-929A19EB1626}.Debug|Any CPU.ActiveCfg = Debug|Any CPU
		{63EBE1C9-1625-4ECE-A042-929A19EB1626}.Debug|Any CPU.Build.0 = Debug|Any CPU
		{63EBE1C9-1625-4ECE-A042-929A19EB1626}.Release|Any CPU.ActiveCfg = Release|Any CPU
		{63EBE1C9-1625-4ECE-A042-929A19EB1626}.Release|Any CPU.Build.0 = Release|Any CPU
		{179EA941-4B01-4BA2-8BCB-3DBA7520EA7C}.Debug|Any CPU.ActiveCfg = Debug|Any CPU
		{179EA941-4B01-4BA2-8BCB-3DBA7520EA7C}.Debug|Any CPU.Build.0 = Debug|Any CPU
		{179EA941-4B01-4BA2-8BCB-3DBA7520EA7C}.Release|Any CPU.ActiveCfg = Release|Any CPU
		{179EA941-4B01-4BA2-8BCB-3DBA7520EA7C}.Release|Any CPU.Build.0 = Release|Any CPU
	EndGlobalSection
	GlobalSection(SolutionProperties) = preSolution
		HideSolutionNode = FALSE
	EndGlobalSection
	GlobalSection(ExtensibilityGlobals) = postSolution
		SolutionGuid = {4219C428-B708-4318-B3EE-259C86B9FF19}
	EndGlobalSection
EndGlobal
